
Microsoft Visual Studio Solution File, Format Version 12.00
# Visual Studio Version 17
VisualStudioVersion = 17.9.34728.123
MinimumVisualStudioVersion = 10.0.40219.1
Project("{FAE04EC0-301F-11D3-BF4B-00C04F79EFBC}") = "reflection_dz", "reflection_dz.csproj", "{F88B2D81-7508-457C-9563-8C41432BEC54}"
EndProject
Global
	GlobalSection(SolutionConfigurationPlatforms) = preSolution
		Debug|Any CPU = Debug|Any CPU
		Release|Any CPU = Release|Any CPU
	EndGlobalSection
	GlobalSection(ProjectConfigurationPlatforms) = postSolution
		{F88B2D81-7508-457C-9563-8C41432BEC54}.Debug|Any CPU.ActiveCfg = Debug|Any CPU
		{F88B2D81-7508-457C-9563-8C41432BEC54}.Debug|Any CPU.Build.0 = Debug|Any CPU
		{F88B2D81-7508-457C-9563-8C41432BEC54}.Release|Any CPU.ActiveCfg = Release|Any CPU
		{F88B2D81-7508-457C-9563-8C41432BEC54}.Release|Any CPU.Build.0 = Release|Any CPU
	EndGlobalSection
	GlobalSection(SolutionProperties) = preSolution
		HideSolutionNode = FALSE
	EndGlobalSection
	GlobalSection(ExtensibilityGlobals) = postSolution
		SolutionGuid = {E27552C4-DCA8-4BC6-A133-2AD87F5B371D}
	EndGlobalSection
EndGlobal
